
Microsoft Visual Studio Solution File, Format Version 12.00
# Visual Studio 14
VisualStudioVersion = 14.0.23107.0
MinimumVisualStudioVersion = 10.0.40219.1
Project("{FAE04EC0-301F-11D3-BF4B-00C04F79EFBC}") = "Common", "Common\Common.csproj", "{1AFE598E-CD6E-483B-AB07-576B6127B1A1}"
EndProject
Project("{FAE04EC0-301F-11D3-BF4B-00C04F79EFBC}") = "Domain", "Domain\Domain.csproj", "{1BF10A3A-C5B4-4BAC-95A3-9F00D426997A}"
EndProject
Project("{FAE04EC0-301F-11D3-BF4B-00C04F79EFBC}") = "Foundation", "Foundation\Foundation.csproj", "{20ADC3A7-4C17-48AD-A02F-EB5284A22812}"
EndProject
Project("{E24C65DC-7377-472B-9ABA-BC803B73C61A}") = "Web(1)", "..\Web\", "{0AD36975-C938-4A5D-BA5D-6D97BADB34F9}"
	ProjectSection(WebsiteProperties) = preProject
		TargetFrameworkMoniker = ".NETFramework,Version%3Dv4.5.2"
		Debug.AspNetCompiler.VirtualPath = "/localhost_43677"
		Debug.AspNetCompiler.PhysicalPath = "..\Web\"
		Debug.AspNetCompiler.TargetPath = "PrecompiledWeb\localhost_43677\"
		Debug.AspNetCompiler.Updateable = "true"
		Debug.AspNetCompiler.ForceOverwrite = "true"
		Debug.AspNetCompiler.FixedNames = "false"
		Debug.AspNetCompiler.Debug = "True"
		Release.AspNetCompiler.VirtualPath = "/localhost_43677"
		Release.AspNetCompiler.PhysicalPath = "..\Web\"
		Release.AspNetCompiler.TargetPath = "PrecompiledWeb\localhost_43677\"
		Release.AspNetCompiler.Updateable = "true"
		Release.AspNetCompiler.ForceOverwrite = "true"
		Release.AspNetCompiler.FixedNames = "false"
		Release.AspNetCompiler.Debug = "False"
		VWDPort = "43677"
		SlnRelativePath = "..\Web\"
		DefaultWebSiteLanguage = "Visual C#"
	EndProjectSection
EndProject
Global
	GlobalSection(SolutionConfigurationPlatforms) = preSolution
		Debug|Any CPU = Debug|Any CPU
		Release|Any CPU = Release|Any CPU
	EndGlobalSection
	GlobalSection(ProjectConfigurationPlatforms) = postSolution
		{1AFE598E-CD6E-483B-AB07-576B6127B1A1}.Debug|Any CPU.ActiveCfg = Debug|Any CPU
		{1AFE598E-CD6E-483B-AB07-576B6127B1A1}.Debug|Any CPU.Build.0 = Debug|Any CPU
		{1AFE598E-CD6E-483B-AB07-576B6127B1A1}.Release|Any CPU.ActiveCfg = Release|Any CPU
		{1AFE598E-CD6E-483B-AB07-576B6127B1A1}.Release|Any CPU.Build.0 = Release|Any CPU
		{1BF10A3A-C5B4-4BAC-95A3-9F00D426997A}.Debug|Any CPU.ActiveCfg = Debug|Any CPU
		{1BF10A3A-C5B4-4BAC-95A3-9F00D426997A}.Debug|Any CPU.Build.0 = Debug|Any CPU
		{1BF10A3A-C5B4-4BAC-95A3-9F00D426997A}.Release|Any CPU.ActiveCfg = Release|Any CPU
		{1BF10A3A-C5B4-4BAC-95A3-9F00D426997A}.Release|Any CPU.Build.0 = Release|Any CPU
		{20ADC3A7-4C17-48AD-A02F-EB5284A22812}.Debug|Any CPU.ActiveCfg = Debug|Any CPU
		{20ADC3A7-4C17-48AD-A02F-EB5284A22812}.Debug|Any CPU.Build.0 = Debug|Any CPU
		{20ADC3A7-4C17-48AD-A02F-EB5284A22812}.Release|Any CPU.ActiveCfg = Release|Any CPU
		{20ADC3A7-4C17-48AD-A02F-EB5284A22812}.Release|Any CPU.Build.0 = Release|Any CPU
		{0AD36975-C938-4A5D-BA5D-6D97BADB34F9}.Debug|Any CPU.ActiveCfg = Debug|Any CPU
		{0AD36975-C938-4A5D-BA5D-6D97BADB34F9}.Debug|Any CPU.Build.0 = Debug|Any CPU
		{0AD36975-C938-4A5D-BA5D-6D97BADB34F9}.Release|Any CPU.ActiveCfg = Debug|Any CPU
		{0AD36975-C938-4A5D-BA5D-6D97BADB34F9}.Release|Any CPU.Build.0 = Debug|Any CPU
	EndGlobalSection
	GlobalSection(SolutionProperties) = preSolution
		HideSolutionNode = FALSE
	EndGlobalSection
EndGlobal
